
Microsoft Visual Studio Solution File, Format Version 12.00
# Visual Studio Version 16
VisualStudioVersion = 16.0.30406.217
MinimumVisualStudioVersion = 10.0.40219.1
Project("{FAE04EC0-301F-11D3-BF4B-00C04F79EFBC}") = "CalculatorOnRoids", "CalculatorOnRoids\CalculatorOnRoids.csproj", "{6B088D9B-F5F8-42BD-B9DD-668A70872091}"
EndProject
Global
	GlobalSection(SolutionConfigurationPlatforms) = preSolution
		Debug|Any CPU = Debug|Any CPU
		Release|Any CPU = Release|Any CPU
	EndGlobalSection
	GlobalSection(ProjectConfigurationPlatforms) = postSolution
		{6B088D9B-F5F8-42BD-B9DD-668A70872091}.Debug|Any CPU.ActiveCfg = Debug|Any CPU
		{6B088D9B-F5F8-42BD-B9DD-668A70872091}.Debug|Any CPU.Build.0 = Debug|Any CPU
		{6B088D9B-F5F8-42BD-B9DD-668A70872091}.Release|Any CPU.ActiveCfg = Release|Any CPU
		{6B088D9B-F5F8-42BD-B9DD-668A70872091}.Release|Any CPU.Build.0 = Release|Any CPU
	EndGlobalSection
	GlobalSection(SolutionProperties) = preSolution
		HideSolutionNode = FALSE
	EndGlobalSection
	GlobalSection(ExtensibilityGlobals) = postSolution
		SolutionGuid = {A52E7F80-DA33-4AAF-BE48-3F9ECA19DA11}
	EndGlobalSection
EndGlobal
